
Microsoft Visual Studio Solution File, Format Version 12.00
# Visual Studio Version 16
VisualStudioVersion = 16.0.28917.182
MinimumVisualStudioVersion = 10.0.40219.1
Project("{FAE04EC0-301F-11D3-BF4B-00C04F79EFBC}") = "Console_ReadOnly-constant", "Console_ReadOnly-constant\Console_ReadOnly-constant.csproj", "{ECCD9E0D-D83B-444C-9E92-CC6C61A6CE31}"
EndProject
Global
	GlobalSection(SolutionConfigurationPlatforms) = preSolution
		Debug|Any CPU = Debug|Any CPU
		Release|Any CPU = Release|Any CPU
	EndGlobalSection
	GlobalSection(ProjectConfigurationPlatforms) = postSolution
		{ECCD9E0D-D83B-444C-9E92-CC6C61A6CE31}.Debug|Any CPU.ActiveCfg = Debug|Any CPU
		{ECCD9E0D-D83B-444C-9E92-CC6C61A6CE31}.Debug|Any CPU.Build.0 = Debug|Any CPU
		{ECCD9E0D-D83B-444C-9E92-CC6C61A6CE31}.Release|Any CPU.ActiveCfg = Release|Any CPU
		{ECCD9E0D-D83B-444C-9E92-CC6C61A6CE31}.Release|Any CPU.Build.0 = Release|Any CPU
	EndGlobalSection
	GlobalSection(SolutionProperties) = preSolution
		HideSolutionNode = FALSE
	EndGlobalSection
	GlobalSection(ExtensibilityGlobals) = postSolution
		SolutionGuid = {5F76FD96-3758-4588-B292-6C489AB5DC85}
	EndGlobalSection
EndGlobal
